
Microsoft Visual Studio Solution File, Format Version 12.00
# Visual Studio Version 16
VisualStudioVersion = 16.0.31702.278
MinimumVisualStudioVersion = 10.0.40219.1
Project("{FAE04EC0-301F-11D3-BF4B-00C04F79EFBC}") = "Scp053", "Scp053\Scp053.csproj", "{1D32BC53-333C-4F93-B711-0F52DC991195}"
EndProject
Global
	GlobalSection(SolutionConfigurationPlatforms) = preSolution
		Debug|Any CPU = Debug|Any CPU
		Release|Any CPU = Release|Any CPU
	EndGlobalSection
	GlobalSection(ProjectConfigurationPlatforms) = postSolution
		{1D32BC53-333C-4F93-B711-0F52DC991195}.Debug|Any CPU.ActiveCfg = Debug|Any CPU
		{1D32BC53-333C-4F93-B711-0F52DC991195}.Debug|Any CPU.Build.0 = Debug|Any CPU
		{1D32BC53-333C-4F93-B711-0F52DC991195}.Release|Any CPU.ActiveCfg = Release|Any CPU
		{1D32BC53-333C-4F93-B711-0F52DC991195}.Release|Any CPU.Build.0 = Release|Any CPU
	EndGlobalSection
	GlobalSection(SolutionProperties) = preSolution
		HideSolutionNode = FALSE
	EndGlobalSection
	GlobalSection(ExtensibilityGlobals) = postSolution
		SolutionGuid = {8D94EB0A-33AD-49FE-88CE-4AC74B2B1AF1}
	EndGlobalSection
EndGlobal
